Microsoft Visual Studio Solution File, Format Version 12.00
# Visual Studio 14
VisualStudioVersion = 14.0.25420.1
MinimumVisualStudioVersion = 10.0.40219.1
Project("{2150E333-8FDC-42A3-9474-1A3956D46DE8}") = "src", "src", "{DC015E23-7341-4A02-AD25-D3A9A240BB5B}"
EndProject
Project("{2150E333-8FDC-42A3-9474-1A3956D46DE8}") = "Solution Items", "Solution Items", "{5286974E-A985-4D31-B323-7A9478EA7310}"
	ProjectSection(SolutionItems) = preProject
		global.json = global.json
	EndProjectSection
EndProject
Project("{8BB2217D-0F2D-49D1-97BC-3654ED321F3B}") = "SmallWorld", "src\SmallWorld\SmallWorld.xproj", "{3EB6FE8D-CDDB-408E-B870-849F14FF89F4}"
EndProject
Project("{2150E333-8FDC-42A3-9474-1A3956D46DE8}") = "src (2)", "src (2)", "{C3C16DCB-FA33-47EC-94DD-8BDFFC95C9C5}"
EndProject
Project("{2150E333-8FDC-42A3-9474-1A3956D46DE8}") = "Solution Items (2)", "Solution Items (2)", "{FB3ED7F0-3CA3-4511-AAEF-C7A5B1101236}"
	ProjectSection(SolutionItems) = preProject
		..\..\fullStackTA\Week2\CarDealership\global.json = ..\..\fullStackTA\Week2\CarDealership\global.json
	EndProjectSection
EndProject
Project("{8BB2217D-0F2D-49D1-97BC-3654ED321F3B}") = "CarDealership", "..\..\fullStackTA\Week2\CarDealership\src\CarDealership\CarDealership.xproj", "{441BA0BA-8617-4D02-A632-60A54204231C}"
EndProject
Global
	GlobalSection(SolutionConfigurationPlatforms) = preSolution
		Debug|Any CPU = Debug|Any CPU
		Release|Any CPU = Release|Any CPU
	EndGlobalSection
	GlobalSection(ProjectConfigurationPlatforms) = postSolution
		{3EB6FE8D-CDDB-408E-B870-849F14FF89F4}.Debug|Any CPU.ActiveCfg = Debug|Any CPU
		{3EB6FE8D-CDDB-408E-B870-849F14FF89F4}.Debug|Any CPU.Build.0 = Debug|Any CPU
		{3EB6FE8D-CDDB-408E-B870-849F14FF89F4}.Release|Any CPU.ActiveCfg = Release|Any CPU
		{3EB6FE8D-CDDB-408E-B870-849F14FF89F4}.Release|Any CPU.Build.0 = Release|Any CPU
		{441BA0BA-8617-4D02-A632-60A54204231C}.Debug|Any CPU.ActiveCfg = Debug|Any CPU
		{441BA0BA-8617-4D02-A632-60A54204231C}.Debug|Any CPU.Build.0 = Debug|Any CPU
		{441BA0BA-8617-4D02-A632-60A54204231C}.Release|Any CPU.ActiveCfg = Release|Any CPU
		{441BA0BA-8617-4D02-A632-60A54204231C}.Release|Any CPU.Build.0 = Release|Any CPU
	EndGlobalSection
	GlobalSection(SolutionProperties) = preSolution
		HideSolutionNode = FALSE
	EndGlobalSection
	GlobalSection(NestedProjects) = preSolution
		{3EB6FE8D-CDDB-408E-B870-849F14FF89F4} = {DC015E23-7341-4A02-AD25-D3A9A240BB5B}
		{441BA0BA-8617-4D02-A632-60A54204231C} = {C3C16DCB-FA33-47EC-94DD-8BDFFC95C9C5}
	EndGlobalSection
EndGlobal
